
Microsoft Visual Studio Solution File, Format Version 12.00
# Visual Studio Version 17
VisualStudioVersion = 17.4.33403.182
MinimumVisualStudioVersion = 10.0.40219.1
Project("{FAE04EC0-301F-11D3-BF4B-00C04F79EFBC}") = "ClassLibrary", "ClassLibrary\ClassLibrary.csproj", "{7A50E84F-2BA6-41D2-8F13-9B395CC9EAC7}"
EndProject
Project("{FAE04EC0-301F-11D3-BF4B-00C04F79EFBC}") = "ConsoleApp", "ConsoleApp\ConsoleApp.csproj", "{2315131F-1C6F-4107-B709-6E0E22EF08A7}"
	ProjectSection(ProjectDependencies) = postProject
		{7A50E84F-2BA6-41D2-8F13-9B395CC9EAC7} = {7A50E84F-2BA6-41D2-8F13-9B395CC9EAC7}
	EndProjectSection
EndProject
Global
	GlobalSection(SolutionConfigurationPlatforms) = preSolution
		Debug|Any CPU = Debug|Any CPU
		Release|Any CPU = Release|Any CPU
	EndGlobalSection
	GlobalSection(ProjectConfigurationPlatforms) = postSolution
		{7A50E84F-2BA6-41D2-8F13-9B395CC9EAC7}.Debug|Any CPU.ActiveCfg = Debug|Any CPU
		{7A50E84F-2BA6-41D2-8F13-9B395CC9EAC7}.Debug|Any CPU.Build.0 = Debug|Any CPU
		{7A50E84F-2BA6-41D2-8F13-9B395CC9EAC7}.Release|Any CPU.ActiveCfg = Release|Any CPU
		{7A50E84F-2BA6-41D2-8F13-9B395CC9EAC7}.Release|Any CPU.Build.0 = Release|Any CPU
		{2315131F-1C6F-4107-B709-6E0E22EF08A7}.Debug|Any CPU.ActiveCfg = Debug|Any CPU
		{2315131F-1C6F-4107-B709-6E0E22EF08A7}.Debug|Any CPU.Build.0 = Debug|Any CPU
		{2315131F-1C6F-4107-B709-6E0E22EF08A7}.Release|Any CPU.ActiveCfg = Release|Any CPU
		{2315131F-1C6F-4107-B709-6E0E22EF08A7}.Release|Any CPU.Build.0 = Release|Any CPU
	EndGlobalSection
	GlobalSection(SolutionProperties) = preSolution
		HideSolutionNode = FALSE
	EndGlobalSection
	GlobalSection(ExtensibilityGlobals) = postSolution
		SolutionGuid = {0EFC9E55-1CE9-4967-92FE-AB11D3883882}
	EndGlobalSection
EndGlobal
